# This file is automatically @generated by Cargo.
# It is not intended for manual editing.
version = 4

[[package]]
name = "arrayvec"
version = "0.7.8"
source = "registry+https://github.com/rust-lang/crates.io-index"
checksum = "d3fb67a6e08acf24fdeccbac2cb6ac4305825bd1f117462e0e6f2f193345ad56"

[[package]]
name = "blake3"
version = "1.8.7"
source = "registry+https://github.com/rust-lang/crates.io-index"
checksum = "6d9e454fc11f76977dc803893aff6304ed33d6a26efae8696573bea74baa27ae"
dependencies = [
 "arrayvec",
 "cc",
 "cfg-if",
 "constant_time_eq",
 "cpufeatures",
]

[[package]]
name = "cc"
version = "1.3.0"
source = "registry+https://github.com/rust-lang/crates.io-index"
checksum = "c89588d05638b5b4594a3348a2d6c20277e43a7f5c5202b05cc56888475a47b8"
dependencies = [
 "find-msvc-tools",
 "shlex",
]

[[package]]
name = "cfg-if"
version = "1.0.4"
source = "registry+https://github.com/rust-lang/crates.io-index"
checksum = "9330f8b2ff13f34540b44e946ef35111825727b38d33286ef986142615121801"

[[package]]
name = "constant_time_eq"
version = "0.4.2"
source = "registry+https://github.com/rust-lang/crates.io-index"
checksum = "3d52eff69cd5e647efe296129160853a42795992097e8af39800e1060caeea9b"

[[package]]
name = "cpufeatures"
version = "0.3.0"
source = "registry+https://github.com/rust-lang/crates.io-index"
checksum = "8b2a41393f66f16b0823bb79094d54ac5fbd34ab292ddafb9a0456ac9f87d201"
dependencies = [
 "libc",
]

[[package]]
name = "find-msvc-tools"
version = "0.1.9"
source = "registry+https://github.com/rust-lang/crates.io-index"
checksum = "5baebc0774151f905a1a2cc41989300b1e6fbb29aff0ceffa1064fdd3088d582"

[[package]]
name = "libc"
version = "0.2.188"
source = "registry+https://github.com/rust-lang/crates.io-index"
checksum = "22053b6a34f84abc97f9129e61334f40174659a1b9bd18c970b83db6a9a6348b"

[[package]]
name = "sanitization"
version = "2.0.2"
source = "registry+https://github.com/rust-lang/crates.io-index"
checksum = "a4c9b3aca469f66423764aac0bd26a972efa2dc90f9ce53c76d84fd5756af227"

[[package]]
name = "shlex"
version = "2.0.1"
source = "registry+https://github.com/rust-lang/crates.io-index"
checksum = "f8fadd59c855ef2080decdef8ff161eb6661b86933c9d82e5ba29dc602a55aba"

[[package]]
name = "skrifheim"
version = "0.18.2"
dependencies = [
 "skrifheim-audit",
 "skrifheim-core",
 "skrifheim-crypto",
 "skrifheim-fact",
 "skrifheim-policy",
 "skrifheim-query",
 "skrifheim-storage",
 "skrifheim-world",
]

[[package]]
name = "skrifheim-audit"
version = "0.18.2"
dependencies = [
 "skrifheim-core",
 "skrifheim-crypto",
]

[[package]]
name = "skrifheim-core"
version = "0.18.2"
dependencies = [
 "subtle",
]

[[package]]
name = "skrifheim-crypto"
version = "0.18.2"
dependencies = [
 "sanitization",
 "skrifheim-core",
 "subtle",
]

[[package]]
name = "skrifheim-fact"
version = "0.18.2"
dependencies = [
 "skrifheim-core",
 "skrifheim-crypto",
]

[[package]]
name = "skrifheim-policy"
version = "0.18.2"
dependencies = [
 "skrifheim-core",
]

[[package]]
name = "skrifheim-query"
version = "0.18.2"
dependencies = [
 "skrifheim-core",
 "skrifheim-policy",
]

[[package]]
name = "skrifheim-storage"
version = "0.18.2"
dependencies = [
 "skrifheim-core",
 "skrifheim-crypto",
]

[[package]]
name = "skrifheim-storage-host"
version = "0.18.2"
dependencies = [
 "skrifheim-core",
 "skrifheim-crypto",
 "skrifheim-storage",
]

[[package]]
name = "skrifheim-world"
version = "0.18.2"
dependencies = [
 "blake3",
 "skrifheim-core",
]

[[package]]
name = "subtle"
version = "2.6.1"
source = "registry+https://github.com/rust-lang/crates.io-index"
checksum = "13c2bddecc57b384dee18652358fb23172facb8a2c51ccc10d74c157bdea3292"

[[package]]
name = "xtask"
version = "0.18.2"
