# This file is automatically @generated by Cargo.
# It is not intended for manual editing.
version = 4

[[package]]
name = "skrifheim"
version = "0.10.0"
dependencies = [
 "skrifheim-core",
 "skrifheim-crypto",
 "skrifheim-fact",
 "skrifheim-policy",
 "skrifheim-query",
 "skrifheim-storage",
 "skrifheim-world",
]

[[package]]
name = "skrifheim-core"
version = "0.10.0"

[[package]]
name = "skrifheim-crypto"
version = "0.10.0"
dependencies = [
 "skrifheim-core",
]

[[package]]
name = "skrifheim-fact"
version = "0.10.0"
dependencies = [
 "skrifheim-core",
 "skrifheim-crypto",
]

[[package]]
name = "skrifheim-policy"
version = "0.10.0"
dependencies = [
 "skrifheim-core",
]

[[package]]
name = "skrifheim-query"
version = "0.10.0"
dependencies = [
 "skrifheim-core",
 "skrifheim-policy",
]

[[package]]
name = "skrifheim-storage"
version = "0.10.0"
dependencies = [
 "skrifheim-core",
 "skrifheim-crypto",
]

[[package]]
name = "skrifheim-world"
version = "0.10.0"
dependencies = [
 "skrifheim-core",
]

[[package]]
name = "xtask"
version = "0.10.0"
